
Microsoft Visual Studio Solution File, Format Version 12.00
# Visual Studio Version 17
VisualStudioVersion = 17.9.34714.143
MinimumVisualStudioVersion = 10.0.40219.1
Project("{FAE04EC0-301F-11D3-BF4B-00C04F79EFBC}") = "GoodFilmsApp", "GoodFilmsApp\GoodFilmsApp.csproj", "{6AB5611C-BC3E-4BE5-9754-ACFD6FC399B3}"
EndProject
Project("{FAE04EC0-301F-11D3-BF4B-00C04F79EFBC}") = "ModelLibrary", "ModelLibrary\ModelLibrary.csproj", "{0A2C0548-598E-4B31-BF23-DCE64AD14E0D}"
EndProject
Project("{FAE04EC0-301F-11D3-BF4B-00C04F79EFBC}") = "ControllerLibrary", "ControllerLibrary\ControllerLibrary.csproj", "{2EDE9844-C2BD-4213-A3DA-038EE545650D}"
EndProject
Global
	GlobalSection(SolutionConfigurationPlatforms) = preSolution
		Debug|Any CPU = Debug|Any CPU
		Release|Any CPU = Release|Any CPU
	EndGlobalSection
	GlobalSection(ProjectConfigurationPlatforms) = postSolution
		{6AB5611C-BC3E-4BE5-9754-ACFD6FC399B3}.Debug|Any CPU.ActiveCfg = Debug|Any CPU
		{6AB5611C-BC3E-4BE5-9754-ACFD6FC399B3}.Debug|Any CPU.Build.0 = Debug|Any CPU
		{6AB5611C-BC3E-4BE5-9754-ACFD6FC399B3}.Release|Any CPU.ActiveCfg = Release|Any CPU
		{6AB5611C-BC3E-4BE5-9754-ACFD6FC399B3}.Release|Any CPU.Build.0 = Release|Any CPU
		{0A2C0548-598E-4B31-BF23-DCE64AD14E0D}.Debug|Any CPU.ActiveCfg = Debug|Any CPU
		{0A2C0548-598E-4B31-BF23-DCE64AD14E0D}.Debug|Any CPU.Build.0 = Debug|Any CPU
		{0A2C0548-598E-4B31-BF23-DCE64AD14E0D}.Release|Any CPU.ActiveCfg = Release|Any CPU
		{0A2C0548-598E-4B31-BF23-DCE64AD14E0D}.Release|Any CPU.Build.0 = Release|Any CPU
		{2EDE9844-C2BD-4213-A3DA-038EE545650D}.Debug|Any CPU.ActiveCfg = Debug|Any CPU
		{2EDE9844-C2BD-4213-A3DA-038EE545650D}.Debug|Any CPU.Build.0 = Debug|Any CPU
		{2EDE9844-C2BD-4213-A3DA-038EE545650D}.Release|Any CPU.ActiveCfg = Release|Any CPU
		{2EDE9844-C2BD-4213-A3DA-038EE545650D}.Release|Any CPU.Build.0 = Release|Any CPU
	EndGlobalSection
	GlobalSection(SolutionProperties) = preSolution
		HideSolutionNode = FALSE
	EndGlobalSection
	GlobalSection(ExtensibilityGlobals) = postSolution
		SolutionGuid = {82150BC7-D39E-4838-97BE-E8052003950D}
	EndGlobalSection
EndGlobal
